{
  "lockfileVersion": 1,
  "workspaces": {
    "": {
      "name": "twcn-ddnet-map-mirror",
      "dependencies": {
        "@aws-sdk/client-s3": "^3.744.0",
        "badge-maker": "^4.1.0",
        "dotenv": "^8.6.0",
        "mime-types": "^2.1.35",
        "pretty-bytes": "^5.6.0",
      },
      "devDependencies": {
        "@types/bun": "^1.2.2",
        "@types/mime-types": "^2.1.4",
        "cross-env": "^7.0.3",
      },
    },
  },
  "packages": {
    "@aws-crypto/crc32": ["@aws-crypto/crc32@5.2.0", "", { "dependencies": { "@aws-crypto/util": "^5.2.0", "@aws-sdk/types": "^3.222.0", "tslib": "^2.6.2" } }, "sha512-nLbCWqQNgUiwwtFsen1AdzAtvuLRsQS8rYgMuxCrdKf9kOssamGLuPwyTY9wyYblNr9+1XM8v6zoDTPPSIeANg=="],

    "@aws-crypto/crc32c": ["@aws-crypto/crc32c@5.2.0", "", { "dependencies": { "@aws-crypto/util": "^5.2.0", "@aws-sdk/types": "^3.222.0", "tslib": "^2.6.2" } }, "sha512-+iWb8qaHLYKrNvGRbiYRHSdKRWhto5XlZUEBwDjYNf+ly5SVYG6zEoYIdxvf5R3zyeP16w4PLBn3rH1xc74Rag=="],

    "@aws-crypto/sha1-browser": ["@aws-crypto/sha1-browser@5.2.0", "", { "dependencies": { "@aws-crypto/supports-web-crypto": "^5.2.0", "@aws-crypto/util": "^5.2.0", "@aws-sdk/types": "^3.222.0", "@aws-sdk/util-locate-window": "^3.0.0", "@smithy/util-utf8": "^2.0.0", "tslib": "^2.6.2" } }, "sha512-OH6lveCFfcDjX4dbAvCFSYUjJZjDr/3XJ3xHtjn3Oj5b9RjojQo8npoLeA/bNwkOkrSQ0wgrHzXk4tDRxGKJeg=="],

    "@aws-crypto/sha256-browser": ["@aws-crypto/sha256-browser@5.2.0", "", { "dependencies": { "@aws-crypto/sha256-js": "^5.2.0", "@aws-crypto/supports-web-crypto": "^5.2.0", "@aws-crypto/util": "^5.2.0", "@aws-sdk/types": "^3.222.0", "@aws-sdk/util-locate-window": "^3.0.0", "@smithy/util-utf8": "^2.0.0", "tslib": "^2.6.2" } }, "sha512-AXfN/lGotSQwu6HNcEsIASo7kWXZ5HYWvfOmSNKDsEqC4OashTp8alTmaz+F7TC2L083SFv5RdB+qU3Vs1kZqw=="],

    "@aws-crypto/sha256-js": ["@aws-crypto/sha256-js@5.2.0", "", { "dependencies": { "@aws-crypto/util": "^5.2.0", "@aws-sdk/types": "^3.222.0", "tslib": "^2.6.2" } }, "sha512-FFQQyu7edu4ufvIZ+OadFpHHOt+eSTBaYaki44c+akjg7qZg9oOQeLlk77F6tSYqjDAFClrHJk9tMf0HdVyOvA=="],

    "@aws-crypto/supports-web-crypto": ["@aws-crypto/supports-web-crypto@5.2.0", "", { "dependencies": { "tslib": "^2.6.2" } }, "sha512-iAvUotm021kM33eCdNfwIN//F77/IADDSs58i+MDaOqFrVjZo9bAal0NK7HurRuWLLpF1iLX7gbWrjHjeo+YFg=="],

    "@aws-crypto/util": ["@aws-crypto/util@5.2.0", "", { "dependencies": { "@aws-sdk/types": "^3.222.0", "@smithy/util-utf8": "^2.0.0", "tslib": "^2.6.2" } }, "sha512-4RkU9EsI6ZpBve5fseQlGNUWKMa1RLPQ1dnjnQoe07ldfIzcsGb5hC5W0Dm7u423KWzawlrpbjXBrXCEv9zazQ=="],

    "@aws-sdk/client-s3": ["@aws-sdk/client-s3@3.744.0", "", { "dependencies": { "@aws-crypto/sha1-browser": "5.2.0", "@aws-crypto/sha256-browser": "5.2.0", "@aws-crypto/sha256-js": "5.2.0", "@aws-sdk/core": "3.744.0", "@aws-sdk/credential-provider-node": "3.744.0", "@aws-sdk/middleware-bucket-endpoint": "3.734.0", "@aws-sdk/middleware-expect-continue": "3.734.0", "@aws-sdk/middleware-flexible-checksums": "3.744.0", "@aws-sdk/middleware-host-header": "3.734.0", "@aws-sdk/middleware-location-constraint": "3.734.0", "@aws-sdk/middleware-logger": "3.734.0", "@aws-sdk/middleware-recursion-detection": "3.734.0", "@aws-sdk/middleware-sdk-s3": "3.744.0", "@aws-sdk/middleware-ssec": "3.734.0", "@aws-sdk/middleware-user-agent": "3.744.0", "@aws-sdk/region-config-resolver": "3.734.0", "@aws-sdk/signature-v4-multi-region": "3.744.0", "@aws-sdk/types": "3.734.0", "@aws-sdk/util-endpoints": "3.743.0", "@aws-sdk/util-user-agent-browser": "3.734.0", "@aws-sdk/util-user-agent-node": "3.744.0", "@aws-sdk/xml-builder": "3.734.0", "@smithy/config-resolver": "^4.0.1", "@smithy/core": "^3.1.2", "@smithy/eventstream-serde-browser": "^4.0.1", "@smithy/eventstream-serde-config-resolver": "^4.0.1", "@smithy/eventstream-serde-node": "^4.0.1", "@smithy/fetch-http-handler": "^5.0.1", "@smithy/hash-blob-browser": "^4.0.1", "@smithy/hash-node": "^4.0.1", "@smithy/hash-stream-node": "^4.0.1", "@smithy/invalid-dependency": "^4.0.1", "@smithy/md5-js": "^4.0.1", "@smithy/middleware-content-length": "^4.0.1", "@smithy/middleware-endpoint": "^4.0.3", "@smithy/middleware-retry": "^4.0.4", "@smithy/middleware-serde": "^4.0.2", "@smithy/middleware-stack": "^4.0.1", "@smithy/node-config-provider": "^4.0.1", "@smithy/node-http-handler": "^4.0.2", "@smithy/protocol-http": "^5.0.1", "@smithy/smithy-client": "^4.1.3", "@smithy/types": "^4.1.0", "@smithy/url-parser": "^4.0.1", "@smithy/util-base64": "^4.0.0", "@smithy/util-body-length-browser": "^4.0.0", "@smithy/util-body-length-node": "^4.0.0", "@smithy/util-defaults-mode-browser": "^4.0.4", "@smithy/util-defaults-mode-node": "^4.0.4", "@smithy/util-endpoints": "^3.0.1", "@smithy/util-middleware": "^4.0.1", "@smithy/util-retry": "^4.0.1", "@smithy/util-stream": "^4.0.2", "@smithy/util-utf8": "^4.0.0", "@smithy/util-waiter": "^4.0.2", "tslib": "^2.6.2" } }, "sha512-UuiqxVI5FKlnNcWoDP8bsyJcMJa7XjGcCbVCfKSpSboNeBM4tQS3ZIViSYuz+BeO8/MuwCy7hKn7+Zjivit1nA=="],

    "@aws-sdk/client-sso": ["@aws-sdk/client-sso@3.744.0", "", { "dependencies": { "@aws-crypto/sha256-browser": "5.2.0", "@aws-crypto/sha256-js": "5.2.0", "@aws-sdk/core": "3.744.0", "@aws-sdk/middleware-host-header": "3.734.0", "@aws-sdk/middleware-logger": "3.734.0", "@aws-sdk/middleware-recursion-detection": "3.734.0", "@aws-sdk/middleware-user-agent": "3.744.0", "@aws-sdk/region-config-resolver": "3.734.0", "@aws-sdk/types": "3.734.0", "@aws-sdk/util-endpoints": "3.743.0", "@aws-sdk/util-user-agent-browser": "3.734.0", "@aws-sdk/util-user-agent-node": "3.744.0", "@smithy/config-resolver": "^4.0.1", "@smithy/core": "^3.1.2", "@smithy/fetch-http-handler": "^5.0.1", "@smithy/hash-node": "^4.0.1", "@smithy/invalid-dependency": "^4.0.1", "@smithy/middleware-content-length": "^4.0.1", "@smithy/middleware-endpoint": "^4.0.3", "@smithy/middleware-retry": "^4.0.4", "@smithy/middleware-serde": "^4.0.2", "@smithy/middleware-stack": "^4.0.1", "@smithy/node-config-provider": "^4.0.1", "@smithy/node-http-handler": "^4.0.2", "@smithy/protocol-http": "^5.0.1", "@smithy/smithy-client": "^4.1.3", "@smithy/types": "^4.1.0", "@smithy/url-parser": "^4.0.1", "@smithy/util-base64": "^4.0.0", "@smithy/util-body-length-browser": "^4.0.0", "@smithy/util-body-length-node": "^4.0.0", "@smithy/util-defaults-mode-browser": "^4.0.4", "@smithy/util-defaults-mode-node": "^4.0.4", "@smithy/util-endpoints": "^3.0.1", "@smithy/util-middleware": "^4.0.1", "@smithy/util-retry": "^4.0.1", "@smithy/util-utf8": "^4.0.0", "tslib": "^2.6.2" } }, "sha512-mzJxPQ9mcnNY50pi7+pxB34/Dt7PUn0OgkashHdJPTnavoriLWvPcaQCG1NEVAtyzxNdowhpi4KjC+aN1EwAeA=="],

    "@aws-sdk/core": ["@aws-sdk/core@3.744.0", "", { "dependencies": { "@aws-sdk/types": "3.734.0", "@smithy/core": "^3.1.2", "@smithy/node-config-provider": "^4.0.1", "@smithy/property-provider": "^4.0.1", "@smithy/protocol-http": "^5.0.1", "@smithy/signature-v4": "^5.0.1", "@smithy/smithy-client": "^4.1.3", "@smithy/types": "^4.1.0", "@smithy/util-middleware": "^4.0.1", "fast-xml-parser": "4.4.1", "tslib": "^2.6.2" } }, "sha512-R0XLfDDq7MAXYyDf7tPb+m0R7gmzTRRDtPNQ5jvuq8dbkefph5gFMkxZ2zSx7dfTsfYHhBPuTBsQ0c5Xjal3Vg=="],

    "@aws-sdk/credential-provider-env": ["@aws-sdk/credential-provider-env@3.744.0", "", { "dependencies": { "@aws-sdk/core": "3.744.0", "@aws-sdk/types": "3.734.0", "@smithy/property-provider": "^4.0.1", "@smithy/types": "^4.1.0", "tslib": "^2.6.2" } }, "sha512-hyjC7xqzAeERorYYjhQG1ivcr1XlxgfBpa+r4pG29toFG60mACyVzaR7+og3kgzjRFAB7D1imMxPQyEvQ1QokA=="],

    "@aws-sdk/credential-provider-http": ["@aws-sdk/credential-provider-http@3.744.0", "", { "dependencies": { "@aws-sdk/core": "3.744.0", "@aws-sdk/types": "3.734.0", "@smithy/fetch-http-handler": "^5.0.1", "@smithy/node-http-handler": "^4.0.2", "@smithy/property-provider": "^4.0.1", "@smithy/protocol-http": "^5.0.1", "@smithy/smithy-client": "^4.1.3", "@smithy/types": "^4.1.0", "@smithy/util-stream": "^4.0.2", "tslib": "^2.6.2" } }, "sha512-k+P1Tl5ewBvVByR6hB726qFIzANgQVf2cY87hZ/e09pQYlH4bfBcyY16VJhkqYnKmv6HMdWxKHX7D8nwlc8Obg=="],

    "@aws-sdk/credential-provider-ini": ["@aws-sdk/credential-provider-ini@3.744.0", "", { "dependencies": { "@aws-sdk/core": "3.744.0", "@aws-sdk/credential-provider-env": "3.744.0", "@aws-sdk/credential-provider-http": "3.744.0", "@aws-sdk/credential-provider-process": "3.744.0", "@aws-sdk/credential-provider-sso": "3.744.0", "@aws-sdk/credential-provider-web-identity": "3.744.0", "@aws-sdk/nested-clients": "3.744.0", "@aws-sdk/types": "3.734.0", "@smithy/credential-provider-imds": "^4.0.1", "@smithy/property-provider": "^4.0.1", "@smithy/shared-ini-file-loader": "^4.0.1", "@smithy/types": "^4.1.0", "tslib": "^2.6.2" } }, "sha512-hjEWgkF86tkvg8PIsDiB3KkTj7z8ZFGR0v0OLQYD47o17q1qfoMzZmg9wae3wXp9KzU+lZETo+8oMqX9a+7aVQ=="],

    "@aws-sdk/credential-provider-node": ["@aws-sdk/credential-provider-node@3.744.0", "", { "dependencies": { "@aws-sdk/credential-provider-env": "3.744.0", "@aws-sdk/credential-provider-http": "3.744.0", "@aws-sdk/credential-provider-ini": "3.744.0", "@aws-sdk/credential-provider-process": "3.744.0", "@aws-sdk/credential-provider-sso": "3.744.0", "@aws-sdk/credential-provider-web-identity": "3.744.0", "@aws-sdk/types": "3.734.0", "@smithy/credential-provider-imds": "^4.0.1", "@smithy/property-provider": "^4.0.1", "@smithy/shared-ini-file-loader": "^4.0.1", "@smithy/types": "^4.1.0", "tslib": "^2.6.2" } }, "sha512-4oUfRd6pe/VGmKoav17pPoOO0WP0L6YXmHqtJHSDmFUOAa+Vh0ZRljTj/yBdleRgdO6rOfdWqoGLFSFiAZDrsQ=="],

    "@aws-sdk/credential-provider-process": ["@aws-sdk/credential-provider-process@3.744.0", "", { "dependencies": { "@aws-sdk/core": "3.744.0", "@aws-sdk/types": "3.734.0", "@smithy/property-provider": "^4.0.1", "@smithy/shared-ini-file-loader": "^4.0.1", "@smithy/types": "^4.1.0", "tslib": "^2.6.2" } }, "sha512-m0d/pDBIaiEAAxWXt/c79RHsKkUkyPOvF2SAMRddVhhOt1GFZI4ml+3f4drmAZfXldIyJmvJTJJqWluVPwTIqQ=="],

    "@aws-sdk/credential-provider-sso": ["@aws-sdk/credential-provider-sso@3.744.0", "", { "dependencies": { "@aws-sdk/client-sso": "3.744.0", "@aws-sdk/core": "3.744.0", "@aws-sdk/token-providers": "3.744.0", "@aws-sdk/types": "3.734.0", "@smithy/property-provider": "^4.0.1", "@smithy/shared-ini-file-loader": "^4.0.1", "@smithy/types": "^4.1.0", "tslib": "^2.6.2" } }, "sha512-xdMufTZOvpbDoDPI2XLu0/Rg3qJ/txpS8IJR63NsCGotHJZ/ucLNKwTcGS40hllZB8qSHTlvmlOzElDahTtx/A=="],

    "@aws-sdk/credential-provider-web-identity": ["@aws-sdk/credential-provider-web-identity@3.744.0", "", { "dependencies": { "@aws-sdk/core": "3.744.0", "@aws-sdk/nested-clients": "3.744.0", "@aws-sdk/types": "3.734.0", "@smithy/property-provider": "^4.0.1", "@smithy/types": "^4.1.0", "tslib": "^2.6.2" } }, "sha512-cNk93GZxORzqEojWfXdrPBF6a7Nu3LpPCWG5mV+lH2tbuGsmw6XhKkwpt7o+OiIP4tKCpHlvqOD8f1nmhe1KDA=="],

    "@aws-sdk/middleware-bucket-endpoint": ["@aws-sdk/middleware-bucket-endpoint@3.734.0", "", { "dependencies": { "@aws-sdk/types": "3.734.0", "@aws-sdk/util-arn-parser": "3.723.0", "@smithy/node-config-provider": "^4.0.1", "@smithy/protocol-http": "^5.0.1", "@smithy/types": "^4.1.0", "@smithy/util-config-provider": "^4.0.0", "tslib": "^2.6.2" } }, "sha512-etC7G18aF7KdZguW27GE/wpbrNmYLVT755EsFc8kXpZj8D6AFKxc7OuveinJmiy0bYXAMspJUWsF6CrGpOw6CQ=="],

    "@aws-sdk/middleware-expect-continue": ["@aws-sdk/middleware-expect-continue@3.734.0", "", { "dependencies": { "@aws-sdk/types": "3.734.0", "@smithy/protocol-http": "^5.0.1", "@smithy/types": "^4.1.0", "tslib": "^2.6.2" } }, "sha512-P38/v1l6HjuB2aFUewt7ueAW5IvKkFcv5dalPtbMGRhLeyivBOHwbCyuRKgVs7z7ClTpu9EaViEGki2jEQqEsQ=="],

    "@aws-sdk/middleware-flexible-checksums": ["@aws-sdk/middleware-flexible-checksums@3.744.0", "", { "dependencies": { "@aws-crypto/crc32": "5.2.0", "@aws-crypto/crc32c": "5.2.0", "@aws-crypto/util": "5.2.0", "@aws-sdk/core": "3.744.0", "@aws-sdk/types": "3.734.0", "@smithy/is-array-buffer": "^4.0.0", "@smithy/node-config-provider": "^4.0.1", "@smithy/protocol-http": "^5.0.1", "@smithy/types": "^4.1.0", "@smithy/util-middleware": "^4.0.1", "@smithy/util-stream": "^4.0.2", "@smithy/util-utf8": "^4.0.0", "tslib": "^2.6.2" } }, "sha512-4AuBdvkwfwagZQt3kt1b0x2dtC54cOrN5gt96V2b4wIjHBRxB/IfAyynahOgx3fd7Zjf74xwmxasjs7iJ8yglg=="],

    "@aws-sdk/middleware-host-header": ["@aws-sdk/middleware-host-header@3.734.0", "", { "dependencies": { "@aws-sdk/types": "3.734.0", "@smithy/protocol-http": "^5.0.1", "@smithy/types": "^4.1.0", "tslib": "^2.6.2" } }, "sha512-LW7RRgSOHHBzWZnigNsDIzu3AiwtjeI2X66v+Wn1P1u+eXssy1+up4ZY/h+t2sU4LU36UvEf+jrZti9c6vRnFw=="],

    "@aws-sdk/middleware-location-constraint": ["@aws-sdk/middleware-location-constraint@3.734.0", "", { "dependencies": { "@aws-sdk/types": "3.734.0", "@smithy/types": "^4.1.0", "tslib": "^2.6.2" } }, "sha512-EJEIXwCQhto/cBfHdm3ZOeLxd2NlJD+X2F+ZTOxzokuhBtY0IONfC/91hOo5tWQweerojwshSMHRCKzRv1tlwg=="],

    "@aws-sdk/middleware-logger": ["@aws-sdk/middleware-logger@3.734.0", "", { "dependencies": { "@aws-sdk/types": "3.734.0", "@smithy/types": "^4.1.0", "tslib": "^2.6.2" } }, "sha512-mUMFITpJUW3LcKvFok176eI5zXAUomVtahb9IQBwLzkqFYOrMJvWAvoV4yuxrJ8TlQBG8gyEnkb9SnhZvjg67w=="],

    "@aws-sdk/middleware-recursion-detection": ["@aws-sdk/middleware-recursion-detection@3.734.0", "", { "dependencies": { "@aws-sdk/types": "3.734.0", "@smithy/protocol-http": "^5.0.1", "@smithy/types": "^4.1.0", "tslib": "^2.6.2" } }, "sha512-CUat2d9ITsFc2XsmeiRQO96iWpxSKYFjxvj27Hc7vo87YUHRnfMfnc8jw1EpxEwMcvBD7LsRa6vDNky6AjcrFA=="],

    "@aws-sdk/middleware-sdk-s3": ["@aws-sdk/middleware-sdk-s3@3.744.0", "", { "dependencies": { "@aws-sdk/core": "3.744.0", "@aws-sdk/types": "3.734.0", "@aws-sdk/util-arn-parser": "3.723.0", "@smithy/core": "^3.1.2", "@smithy/node-config-provider": "^4.0.1", "@smithy/protocol-http": "^5.0.1", "@smithy/signature-v4": "^5.0.1", "@smithy/smithy-client": "^4.1.3", "@smithy/types": "^4.1.0", "@smithy/util-config-provider": "^4.0.0", "@smithy/util-middleware": "^4.0.1", "@smithy/util-stream": "^4.0.2", "@smithy/util-utf8": "^4.0.0", "tslib": "^2.6.2" } }, "sha512-zE0kNjMV7B8pC2ClhrV2gCj/gWLiinRkfPeiUevfjl+Hdke9zcAWVNHLeGV54FJjXQEdwIAjeE7WJdHo7hio7g=="],

    "@aws-sdk/middleware-ssec": ["@aws-sdk/middleware-ssec@3.734.0", "", { "dependencies": { "@aws-sdk/types": "3.734.0", "@smithy/types": "^4.1.0", "tslib": "^2.6.2" } }, "sha512-d4yd1RrPW/sspEXizq2NSOUivnheac6LPeLSLnaeTbBG9g1KqIqvCzP1TfXEqv2CrWfHEsWtJpX7oyjySSPvDQ=="],

    "@aws-sdk/middleware-user-agent": ["@aws-sdk/middleware-user-agent@3.744.0", "", { "dependencies": { "@aws-sdk/core": "3.744.0", "@aws-sdk/types": "3.734.0", "@aws-sdk/util-endpoints": "3.743.0", "@smithy/core": "^3.1.2", "@smithy/protocol-http": "^5.0.1", "@smithy/types": "^4.1.0", "tslib": "^2.6.2" } }, "sha512-ROUbDQHfVWiBHXd4m9E9mKj1Azby8XCs8RC8OCf9GVH339GSE6aMrPJSzMlsV1LmzPdPIypgp5qqh5NfSrKztg=="],

    "@aws-sdk/nested-clients": ["@aws-sdk/nested-clients@3.744.0", "", { "dependencies": { "@aws-crypto/sha256-browser": "5.2.0", "@aws-crypto/sha256-js": "5.2.0", "@aws-sdk/core": "3.744.0", "@aws-sdk/middleware-host-header": "3.734.0", "@aws-sdk/middleware-logger": "3.734.0", "@aws-sdk/middleware-recursion-detection": "3.734.0", "@aws-sdk/middleware-user-agent": "3.744.0", "@aws-sdk/region-config-resolver": "3.734.0", "@aws-sdk/types": "3.734.0", "@aws-sdk/util-endpoints": "3.743.0", "@aws-sdk/util-user-agent-browser": "3.734.0", "@aws-sdk/util-user-agent-node": "3.744.0", "@smithy/config-resolver": "^4.0.1", "@smithy/core": "^3.1.2", "@smithy/fetch-http-handler": "^5.0.1", "@smithy/hash-node": "^4.0.1", "@smithy/invalid-dependency": "^4.0.1", "@smithy/middleware-content-length": "^4.0.1", "@smithy/middleware-endpoint": "^4.0.3", "@smithy/middleware-retry": "^4.0.4", "@smithy/middleware-serde": "^4.0.2", "@smithy/middleware-stack": "^4.0.1", "@smithy/node-config-provider": "^4.0.1", "@smithy/node-http-handler": "^4.0.2", "@smithy/protocol-http": "^5.0.1", "@smithy/smithy-client": "^4.1.3", "@smithy/types": "^4.1.0", "@smithy/url-parser": "^4.0.1", "@smithy/util-base64": "^4.0.0", "@smithy/util-body-length-browser": "^4.0.0", "@smithy/util-body-length-node": "^4.0.0", "@smithy/util-defaults-mode-browser": "^4.0.4", "@smithy/util-defaults-mode-node": "^4.0.4", "@smithy/util-endpoints": "^3.0.1", "@smithy/util-middleware": "^4.0.1", "@smithy/util-retry": "^4.0.1", "@smithy/util-utf8": "^4.0.0", "tslib": "^2.6.2" } }, "sha512-Mnrlh4lRY1gZQnKvN2Lh/5WXcGkzC41NM93mtn2uaqOh+DZLCXCttNCfbUesUvYJLOo3lYaOpiDsjTkPVB1yjw=="],

    "@aws-sdk/region-config-resolver": ["@aws-sdk/region-config-resolver@3.734.0", "", { "dependencies": { "@aws-sdk/types": "3.734.0", "@smithy/node-config-provider": "^4.0.1", "@smithy/types": "^4.1.0", "@smithy/util-config-provider": "^4.0.0", "@smithy/util-middleware": "^4.0.1", "tslib": "^2.6.2" } }, "sha512-Lvj1kPRC5IuJBr9DyJ9T9/plkh+EfKLy+12s/mykOy1JaKHDpvj+XGy2YO6YgYVOb8JFtaqloid+5COtje4JTQ=="],

    "@aws-sdk/signature-v4-multi-region": ["@aws-sdk/signature-v4-multi-region@3.744.0", "", { "dependencies": { "@aws-sdk/middleware-sdk-s3": "3.744.0", "@aws-sdk/types": "3.734.0", "@smithy/protocol-http": "^5.0.1", "@smithy/signature-v4": "^5.0.1", "@smithy/types": "^4.1.0", "tslib": "^2.6.2" } }, "sha512-QyrAevGGwceM+knGfV5r2NvSAjI94PETu6u+Fxalf8F/ybpK7qn1va0w3cGDU68oRqC0JHfo53JXjm9yQokj9Q=="],

    "@aws-sdk/token-providers": ["@aws-sdk/token-providers@3.744.0", "", { "dependencies": { "@aws-sdk/nested-clients": "3.744.0", "@aws-sdk/types": "3.734.0", "@smithy/property-provider": "^4.0.1", "@smithy/shared-ini-file-loader": "^4.0.1", "@smithy/types": "^4.1.0", "tslib": "^2.6.2" } }, "sha512-v/1+lWkDCd60Ei6oyhJqli6mTsPEVepLoSMB50vHUVlJP0fzXu/3FMje90/RzeUoh/VugZQJCEv/NNpuC6wztg=="],

    "@aws-sdk/types": ["@aws-sdk/types@3.734.0", "", { "dependencies": { "@smithy/types": "^4.1.0", "tslib": "^2.6.2" } }, "sha512-o11tSPTT70nAkGV1fN9wm/hAIiLPyWX6SuGf+9JyTp7S/rC2cFWhR26MvA69nplcjNaXVzB0f+QFrLXXjOqCrg=="],

    "@aws-sdk/util-arn-parser": ["@aws-sdk/util-arn-parser@3.723.0", "", { "dependencies": { "tslib": "^2.6.2" } }, "sha512-ZhEfvUwNliOQROcAk34WJWVYTlTa4694kSVhDSjW6lE1bMataPnIN8A0ycukEzBXmd8ZSoBcQLn6lKGl7XIJ5w=="],

    "@aws-sdk/util-endpoints": ["@aws-sdk/util-endpoints@3.743.0", "", { "dependencies": { "@aws-sdk/types": "3.734.0", "@smithy/types": "^4.1.0", "@smithy/util-endpoints": "^3.0.1", "tslib": "^2.6.2" } }, "sha512-sN1l559zrixeh5x+pttrnd0A3+r34r0tmPkJ/eaaMaAzXqsmKU/xYre9K3FNnsSS1J1k4PEfk/nHDTVUgFYjnw=="],

    "@aws-sdk/util-locate-window": ["@aws-sdk/util-locate-window@3.723.0", "", { "dependencies": { "tslib": "^2.6.2" } }, "sha512-Yf2CS10BqK688DRsrKI/EO6B8ff5J86NXe4C+VCysK7UOgN0l1zOTeTukZ3H8Q9tYYX3oaF1961o8vRkFm7Nmw=="],

    "@aws-sdk/util-user-agent-browser": ["@aws-sdk/util-user-agent-browser@3.734.0", "", { "dependencies": { "@aws-sdk/types": "3.734.0", "@smithy/types": "^4.1.0", "bowser": "^2.11.0", "tslib": "^2.6.2" } }, "sha512-xQTCus6Q9LwUuALW+S76OL0jcWtMOVu14q+GoLnWPUM7QeUw963oQcLhF7oq0CtaLLKyl4GOUfcwc773Zmwwng=="],

    "@aws-sdk/util-user-agent-node": ["@aws-sdk/util-user-agent-node@3.744.0", "", { "dependencies": { "@aws-sdk/middleware-user-agent": "3.744.0", "@aws-sdk/types": "3.734.0", "@smithy/node-config-provider": "^4.0.1", "@smithy/types": "^4.1.0", "tslib": "^2.6.2" }, "peerDependencies": { "aws-crt": ">=1.0.0" }, "optionalPeers": ["aws-crt"] }, "sha512-BJURjwIXhNa4heXkLC0+GcL+8wVXaU7JoyW6ckdvp93LL+sVHeR1d5FxXZHQW/pMI4E3gNlKyBqjKaT75tObNQ=="],

    "@aws-sdk/xml-builder": ["@aws-sdk/xml-builder@3.734.0", "", { "dependencies": { "@smithy/types": "^4.1.0", "tslib": "^2.6.2" } }, "sha512-Zrjxi5qwGEcUsJ0ru7fRtW74WcTS0rbLcehoFB+rN1GRi2hbLcFaYs4PwVA5diLeAJH0gszv3x4Hr/S87MfbKQ=="],

    "@smithy/abort-controller": ["@smithy/abort-controller@4.0.1", "", { "dependencies": { "@smithy/types": "^4.1.0", "tslib": "^2.6.2" } }, "sha512-fiUIYgIgRjMWznk6iLJz35K2YxSLHzLBA/RC6lBrKfQ8fHbPfvk7Pk9UvpKoHgJjI18MnbPuEju53zcVy6KF1g=="],

    "@smithy/chunked-blob-reader": ["@smithy/chunked-blob-reader@5.0.0", "", { "dependencies": { "tslib": "^2.6.2" } }, "sha512-+sKqDBQqb036hh4NPaUiEkYFkTUGYzRsn3EuFhyfQfMy6oGHEUJDurLP9Ufb5dasr/XiAmPNMr6wa9afjQB+Gw=="],

    "@smithy/chunked-blob-reader-native": ["@smithy/chunked-blob-reader-native@4.0.0", "", { "dependencies": { "@smithy/util-base64": "^4.0.0", "tslib": "^2.6.2" } }, "sha512-R9wM2yPmfEMsUmlMlIgSzOyICs0x9uu7UTHoccMyt7BWw8shcGM8HqB355+BZCPBcySvbTYMs62EgEQkNxz2ig=="],

    "@smithy/config-resolver": ["@smithy/config-resolver@4.0.1", "", { "dependencies": { "@smithy/node-config-provider": "^4.0.1", "@smithy/types": "^4.1.0", "@smithy/util-config-provider": "^4.0.0", "@smithy/util-middleware": "^4.0.1", "tslib": "^2.6.2" } }, "sha512-Igfg8lKu3dRVkTSEm98QpZUvKEOa71jDX4vKRcvJVyRc3UgN3j7vFMf0s7xLQhYmKa8kyJGQgUJDOV5V3neVlQ=="],

    "@smithy/core": ["@smithy/core@3.1.2", "", { "dependencies": { "@smithy/middleware-serde": "^4.0.2", "@smithy/protocol-http": "^5.0.1", "@smithy/types": "^4.1.0", "@smithy/util-body-length-browser": "^4.0.0", "@smithy/util-middleware": "^4.0.1", "@smithy/util-stream": "^4.0.2", "@smithy/util-utf8": "^4.0.0", "tslib": "^2.6.2" } }, "sha512-htwQXkbdF13uwwDevz9BEzL5ABK+1sJpVQXywwGSH973AVOvisHNfpcB8A8761G6XgHoS2kHPqc9DqHJ2gp+/Q=="],

    "@smithy/credential-provider-imds": ["@smithy/credential-provider-imds@4.0.1", "", { "dependencies": { "@smithy/node-config-provider": "^4.0.1", "@smithy/property-provider": "^4.0.1", "@smithy/types": "^4.1.0", "@smithy/url-parser": "^4.0.1", "tslib": "^2.6.2" } }, "sha512-l/qdInaDq1Zpznpmev/+52QomsJNZ3JkTl5yrTl02V6NBgJOQ4LY0SFw/8zsMwj3tLe8vqiIuwF6nxaEwgf6mg=="],

    "@smithy/eventstream-codec": ["@smithy/eventstream-codec@4.0.1", "", { "dependencies": { "@aws-crypto/crc32": "5.2.0", "@smithy/types": "^4.1.0", "@smithy/util-hex-encoding": "^4.0.0", "tslib": "^2.6.2" } }, "sha512-Q2bCAAR6zXNVtJgifsU16ZjKGqdw/DyecKNgIgi7dlqw04fqDu0mnq+JmGphqheypVc64CYq3azSuCpAdFk2+A=="],

    "@smithy/eventstream-serde-browser": ["@smithy/eventstream-serde-browser@4.0.1", "", { "dependencies": { "@smithy/eventstream-serde-universal": "^4.0.1", "@smithy/types": "^4.1.0", "tslib": "^2.6.2" } }, "sha512-HbIybmz5rhNg+zxKiyVAnvdM3vkzjE6ccrJ620iPL8IXcJEntd3hnBl+ktMwIy12Te/kyrSbUb8UCdnUT4QEdA=="],

    "@smithy/eventstream-serde-config-resolver": ["@smithy/eventstream-serde-config-resolver@4.0.1", "", { "dependencies": { "@smithy/types": "^4.1.0", "tslib": "^2.6.2" } }, "sha512-lSipaiq3rmHguHa3QFF4YcCM3VJOrY9oq2sow3qlhFY+nBSTF/nrO82MUQRPrxHQXA58J5G1UnU2WuJfi465BA=="],

    "@smithy/eventstream-serde-node": ["@smithy/eventstream-serde-node@4.0.1", "", { "dependencies": { "@smithy/eventstream-serde-universal": "^4.0.1", "@smithy/types": "^4.1.0", "tslib": "^2.6.2" } }, "sha512-o4CoOI6oYGYJ4zXo34U8X9szDe3oGjmHgsMGiZM0j4vtNoT+h80TLnkUcrLZR3+E6HIxqW+G+9WHAVfl0GXK0Q=="],

    "@smithy/eventstream-serde-universal": ["@smithy/eventstream-serde-universal@4.0.1", "", { "dependencies": { "@smithy/eventstream-codec": "^4.0.1", "@smithy/types": "^4.1.0", "tslib": "^2.6.2" } }, "sha512-Z94uZp0tGJuxds3iEAZBqGU2QiaBHP4YytLUjwZWx+oUeohCsLyUm33yp4MMBmhkuPqSbQCXq5hDet6JGUgHWA=="],

    "@smithy/fetch-http-handler": ["@smithy/fetch-http-handler@5.0.1", "", { "dependencies": { "@smithy/protocol-http": "^5.0.1", "@smithy/querystring-builder": "^4.0.1", "@smithy/types": "^4.1.0", "@smithy/util-base64": "^4.0.0", "tslib": "^2.6.2" } }, "sha512-3aS+fP28urrMW2KTjb6z9iFow6jO8n3MFfineGbndvzGZit3taZhKWtTorf+Gp5RpFDDafeHlhfsGlDCXvUnJA=="],

    "@smithy/hash-blob-browser": ["@smithy/hash-blob-browser@4.0.1", "", { "dependencies": { "@smithy/chunked-blob-reader": "^5.0.0", "@smithy/chunked-blob-reader-native": "^4.0.0", "@smithy/types": "^4.1.0", "tslib": "^2.6.2" } }, "sha512-rkFIrQOKZGS6i1D3gKJ8skJ0RlXqDvb1IyAphksaFOMzkn3v3I1eJ8m7OkLj0jf1McP63rcCEoLlkAn/HjcTRw=="],

    "@smithy/hash-node": ["@smithy/hash-node@4.0.1", "", { "dependencies": { "@smithy/types": "^4.1.0", "@smithy/util-buffer-from": "^4.0.0", "@smithy/util-utf8": "^4.0.0", "tslib": "^2.6.2" } }, "sha512-TJ6oZS+3r2Xu4emVse1YPB3Dq3d8RkZDKcPr71Nj/lJsdAP1c7oFzYqEn1IBc915TsgLl2xIJNuxCz+gLbLE0w=="],

    "@smithy/hash-stream-node": ["@smithy/hash-stream-node@4.0.1", "", { "dependencies": { "@smithy/types": "^4.1.0", "@smithy/util-utf8": "^4.0.0", "tslib": "^2.6.2" } }, "sha512-U1rAE1fxmReCIr6D2o/4ROqAQX+GffZpyMt3d7njtGDr2pUNmAKRWa49gsNVhCh2vVAuf3wXzWwNr2YN8PAXIw=="],

    "@smithy/invalid-dependency": ["@smithy/invalid-dependency@4.0.1", "", { "dependencies": { "@smithy/types": "^4.1.0", "tslib": "^2.6.2" } }, "sha512-gdudFPf4QRQ5pzj7HEnu6FhKRi61BfH/Gk5Yf6O0KiSbr1LlVhgjThcvjdu658VE6Nve8vaIWB8/fodmS1rBPQ=="],

    "@smithy/is-array-buffer": ["@smithy/is-array-buffer@4.0.0", "", { "dependencies": { "tslib": "^2.6.2" } }, "sha512-saYhF8ZZNoJDTvJBEWgeBccCg+yvp1CX+ed12yORU3NilJScfc6gfch2oVb4QgxZrGUx3/ZJlb+c/dJbyupxlw=="],

    "@smithy/md5-js": ["@smithy/md5-js@4.0.1", "", { "dependencies": { "@smithy/types": "^4.1.0", "@smithy/util-utf8": "^4.0.0", "tslib": "^2.6.2" } }, "sha512-HLZ647L27APi6zXkZlzSFZIjpo8po45YiyjMGJZM3gyDY8n7dPGdmxIIljLm4gPt/7rRvutLTTkYJpZVfG5r+A=="],

    "@smithy/middleware-content-length": ["@smithy/middleware-content-length@4.0.1", "", { "dependencies": { "@smithy/protocol-http": "^5.0.1", "@smithy/types": "^4.1.0", "tslib": "^2.6.2" } }, "sha512-OGXo7w5EkB5pPiac7KNzVtfCW2vKBTZNuCctn++TTSOMpe6RZO/n6WEC1AxJINn3+vWLKW49uad3lo/u0WJ9oQ=="],

    "@smithy/middleware-endpoint": ["@smithy/middleware-endpoint@4.0.3", "", { "dependencies": { "@smithy/core": "^3.1.2", "@smithy/middleware-serde": "^4.0.2", "@smithy/node-config-provider": "^4.0.1", "@smithy/shared-ini-file-loader": "^4.0.1", "@smithy/types": "^4.1.0", "@smithy/url-parser": "^4.0.1", "@smithy/util-middleware": "^4.0.1", "tslib": "^2.6.2" } }, "sha512-YdbmWhQF5kIxZjWqPIgboVfi8i5XgiYMM7GGKFMTvBei4XjNQfNv8sukT50ITvgnWKKKpOtp0C0h7qixLgb77Q=="],

    "@smithy/middleware-retry": ["@smithy/middleware-retry@4.0.4", "", { "dependencies": { "@smithy/node-config-provider": "^4.0.1", "@smithy/protocol-http": "^5.0.1", "@smithy/service-error-classification": "^4.0.1", "@smithy/smithy-client": "^4.1.3", "@smithy/types": "^4.1.0", "@smithy/util-middleware": "^4.0.1", "@smithy/util-retry": "^4.0.1", "tslib": "^2.6.2", "uuid": "^9.0.1" } }, "sha512-wmxyUBGHaYUqul0wZiset4M39SMtDBOtUr2KpDuftKNN74Do9Y36Go6Eqzj9tL0mIPpr31ulB5UUtxcsCeGXsQ=="],

    "@smithy/middleware-serde": ["@smithy/middleware-serde@4.0.2", "", { "dependencies": { "@smithy/types": "^4.1.0", "tslib": "^2.6.2" } }, "sha512-Sdr5lOagCn5tt+zKsaW+U2/iwr6bI9p08wOkCp6/eL6iMbgdtc2R5Ety66rf87PeohR0ExI84Txz9GYv5ou3iQ=="],

    "@smithy/middleware-stack": ["@smithy/middleware-stack@4.0.1", "", { "dependencies": { "@smithy/types": "^4.1.0", "tslib": "^2.6.2" } }, "sha512-dHwDmrtR/ln8UTHpaIavRSzeIk5+YZTBtLnKwDW3G2t6nAupCiQUvNzNoHBpik63fwUaJPtlnMzXbQrNFWssIA=="],

    "@smithy/node-config-provider": ["@smithy/node-config-provider@4.0.1", "", { "dependencies": { "@smithy/property-provider": "^4.0.1", "@smithy/shared-ini-file-loader": "^4.0.1", "@smithy/types": "^4.1.0", "tslib": "^2.6.2" } }, "sha512-8mRTjvCtVET8+rxvmzRNRR0hH2JjV0DFOmwXPrISmTIJEfnCBugpYYGAsCj8t41qd+RB5gbheSQ/6aKZCQvFLQ=="],

    "@smithy/node-http-handler": ["@smithy/node-http-handler@4.0.2", "", { "dependencies": { "@smithy/abort-controller": "^4.0.1", "@smithy/protocol-http": "^5.0.1", "@smithy/querystring-builder": "^4.0.1", "@smithy/types": "^4.1.0", "tslib": "^2.6.2" } }, "sha512-X66H9aah9hisLLSnGuzRYba6vckuFtGE+a5DcHLliI/YlqKrGoxhisD5XbX44KyoeRzoNlGr94eTsMVHFAzPOw=="],

    "@smithy/property-provider": ["@smithy/property-provider@4.0.1", "", { "dependencies": { "@smithy/types": "^4.1.0", "tslib": "^2.6.2" } }, "sha512-o+VRiwC2cgmk/WFV0jaETGOtX16VNPp2bSQEzu0whbReqE1BMqsP2ami2Vi3cbGVdKu1kq9gQkDAGKbt0WOHAQ=="],

    "@smithy/protocol-http": ["@smithy/protocol-http@5.0.1", "", { "dependencies": { "@smithy/types": "^4.1.0", "tslib": "^2.6.2" } }, "sha512-TE4cpj49jJNB/oHyh/cRVEgNZaoPaxd4vteJNB0yGidOCVR0jCw/hjPVsT8Q8FRmj8Bd3bFZt8Dh7xGCT+xMBQ=="],

    "@smithy/querystring-builder": ["@smithy/querystring-builder@4.0.1", "", { "dependencies": { "@smithy/types": "^4.1.0", "@smithy/util-uri-escape": "^4.0.0", "tslib": "^2.6.2" } }, "sha512-wU87iWZoCbcqrwszsOewEIuq+SU2mSoBE2CcsLwE0I19m0B2gOJr1MVjxWcDQYOzHbR1xCk7AcOBbGFUYOKvdg=="],

    "@smithy/querystring-parser": ["@smithy/querystring-parser@4.0.1", "", { "dependencies": { "@smithy/types": "^4.1.0", "tslib": "^2.6.2" } }, "sha512-Ma2XC7VS9aV77+clSFylVUnPZRindhB7BbmYiNOdr+CHt/kZNJoPP0cd3QxCnCFyPXC4eybmyE98phEHkqZ5Jw=="],

    "@smithy/service-error-classification": ["@smithy/service-error-classification@4.0.1", "", { "dependencies": { "@smithy/types": "^4.1.0" } }, "sha512-3JNjBfOWpj/mYfjXJHB4Txc/7E4LVq32bwzE7m28GN79+M1f76XHflUaSUkhOriprPDzev9cX/M+dEB80DNDKA=="],

    "@smithy/shared-ini-file-loader": ["@smithy/shared-ini-file-loader@4.0.1", "", { "dependencies": { "@smithy/types": "^4.1.0", "tslib": "^2.6.2" } }, "sha512-hC8F6qTBbuHRI/uqDgqqi6J0R4GtEZcgrZPhFQnMhfJs3MnUTGSnR1NSJCJs5VWlMydu0kJz15M640fJlRsIOw=="],

    "@smithy/signature-v4": ["@smithy/signature-v4@5.0.1", "", { "dependencies": { "@smithy/is-array-buffer": "^4.0.0", "@smithy/protocol-http": "^5.0.1", "@smithy/types": "^4.1.0", "@smithy/util-hex-encoding": "^4.0.0", "@smithy/util-middleware": "^4.0.1", "@smithy/util-uri-escape": "^4.0.0", "@smithy/util-utf8": "^4.0.0", "tslib": "^2.6.2" } }, "sha512-nCe6fQ+ppm1bQuw5iKoeJ0MJfz2os7Ic3GBjOkLOPtavbD1ONoyE3ygjBfz2ythFWm4YnRm6OxW+8p/m9uCoIA=="],

    "@smithy/smithy-client": ["@smithy/smithy-client@4.1.3", "", { "dependencies": { "@smithy/core": "^3.1.2", "@smithy/middleware-endpoint": "^4.0.3", "@smithy/middleware-stack": "^4.0.1", "@smithy/protocol-http": "^5.0.1", "@smithy/types": "^4.1.0", "@smithy/util-stream": "^4.0.2", "tslib": "^2.6.2" } }, "sha512-A2Hz85pu8BJJaYFdX8yb1yocqigyqBzn+OVaVgm+Kwi/DkN8vhN2kbDVEfADo6jXf5hPKquMLGA3UINA64UZ7A=="],

    "@smithy/types": ["@smithy/types@4.1.0", "", { "dependencies": { "tslib": "^2.6.2" } }, "sha512-enhjdwp4D7CXmwLtD6zbcDMbo6/T6WtuuKCY49Xxc6OMOmUWlBEBDREsxxgV2LIdeQPW756+f97GzcgAwp3iLw=="],

    "@smithy/url-parser": ["@smithy/url-parser@4.0.1", "", { "dependencies": { "@smithy/querystring-parser": "^4.0.1", "@smithy/types": "^4.1.0", "tslib": "^2.6.2" } }, "sha512-gPXcIEUtw7VlK8f/QcruNXm7q+T5hhvGu9tl63LsJPZ27exB6dtNwvh2HIi0v7JcXJ5emBxB+CJxwaLEdJfA+g=="],

    "@smithy/util-base64": ["@smithy/util-base64@4.0.0", "", { "dependencies": { "@smithy/util-buffer-from": "^4.0.0", "@smithy/util-utf8": "^4.0.0", "tslib": "^2.6.2" } }, "sha512-CvHfCmO2mchox9kjrtzoHkWHxjHZzaFojLc8quxXY7WAAMAg43nuxwv95tATVgQFNDwd4M9S1qFzj40Ul41Kmg=="],

    "@smithy/util-body-length-browser": ["@smithy/util-body-length-browser@4.0.0", "", { "dependencies": { "tslib": "^2.6.2" } }, "sha512-sNi3DL0/k64/LO3A256M+m3CDdG6V7WKWHdAiBBMUN8S3hK3aMPhwnPik2A/a2ONN+9doY9UxaLfgqsIRg69QA=="],

    "@smithy/util-body-length-node": ["@smithy/util-body-length-node@4.0.0", "", { "dependencies": { "tslib": "^2.6.2" } }, "sha512-q0iDP3VsZzqJyje8xJWEJCNIu3lktUGVoSy1KB0UWym2CL1siV3artm+u1DFYTLejpsrdGyCSWBdGNjJzfDPjg=="],

    "@smithy/util-buffer-from": ["@smithy/util-buffer-from@4.0.0", "", { "dependencies": { "@smithy/is-array-buffer": "^4.0.0", "tslib": "^2.6.2" } }, "sha512-9TOQ7781sZvddgO8nxueKi3+yGvkY35kotA0Y6BWRajAv8jjmigQ1sBwz0UX47pQMYXJPahSKEKYFgt+rXdcug=="],

    "@smithy/util-config-provider": ["@smithy/util-config-provider@4.0.0", "", { "dependencies": { "tslib": "^2.6.2" } }, "sha512-L1RBVzLyfE8OXH+1hsJ8p+acNUSirQnWQ6/EgpchV88G6zGBTDPdXiiExei6Z1wR2RxYvxY/XLw6AMNCCt8H3w=="],

    "@smithy/util-defaults-mode-browser": ["@smithy/util-defaults-mode-browser@4.0.4", "", { "dependencies": { "@smithy/property-provider": "^4.0.1", "@smithy/smithy-client": "^4.1.3", "@smithy/types": "^4.1.0", "bowser": "^2.11.0", "tslib": "^2.6.2" } }, "sha512-Ej1bV5sbrIfH++KnWxjjzFNq9nyP3RIUq2c9Iqq7SmMO/idUR24sqvKH2LUQFTSPy/K7G4sB2m8n7YYlEAfZaw=="],

    "@smithy/util-defaults-mode-node": ["@smithy/util-defaults-mode-node@4.0.4", "", { "dependencies": { "@smithy/config-resolver": "^4.0.1", "@smithy/credential-provider-imds": "^4.0.1", "@smithy/node-config-provider": "^4.0.1", "@smithy/property-provider": "^4.0.1", "@smithy/smithy-client": "^4.1.3", "@smithy/types": "^4.1.0", "tslib": "^2.6.2" } }, "sha512-HE1I7gxa6yP7ZgXPCFfZSDmVmMtY7SHqzFF55gM/GPegzZKaQWZZ+nYn9C2Cc3JltCMyWe63VPR3tSFDEvuGjw=="],

    "@smithy/util-endpoints": ["@smithy/util-endpoints@3.0.1", "", { "dependencies": { "@smithy/node-config-provider": "^4.0.1", "@smithy/types": "^4.1.0", "tslib": "^2.6.2" } }, "sha512-zVdUENQpdtn9jbpD9SCFK4+aSiavRb9BxEtw9ZGUR1TYo6bBHbIoi7VkrFQ0/RwZlzx0wRBaRmPclj8iAoJCLA=="],

    "@smithy/util-hex-encoding": ["@smithy/util-hex-encoding@4.0.0", "", { "dependencies": { "tslib": "^2.6.2" } }, "sha512-Yk5mLhHtfIgW2W2WQZWSg5kuMZCVbvhFmC7rV4IO2QqnZdbEFPmQnCcGMAX2z/8Qj3B9hYYNjZOhWym+RwhePw=="],

    "@smithy/util-middleware": ["@smithy/util-middleware@4.0.1", "", { "dependencies": { "@smithy/types": "^4.1.0", "tslib": "^2.6.2" } }, "sha512-HiLAvlcqhbzhuiOa0Lyct5IIlyIz0PQO5dnMlmQ/ubYM46dPInB+3yQGkfxsk6Q24Y0n3/JmcA1v5iEhmOF5mA=="],

    "@smithy/util-retry": ["@smithy/util-retry@4.0.1", "", { "dependencies": { "@smithy/service-error-classification": "^4.0.1", "@smithy/types": "^4.1.0", "tslib": "^2.6.2" } }, "sha512-WmRHqNVwn3kI3rKk1LsKcVgPBG6iLTBGC1iYOV3GQegwJ3E8yjzHytPt26VNzOWr1qu0xE03nK0Ug8S7T7oufw=="],

    "@smithy/util-stream": ["@smithy/util-stream@4.0.2", "", { "dependencies": { "@smithy/fetch-http-handler": "^5.0.1", "@smithy/node-http-handler": "^4.0.2", "@smithy/types": "^4.1.0", "@smithy/util-base64": "^4.0.0", "@smithy/util-buffer-from": "^4.0.0", "@smithy/util-hex-encoding": "^4.0.0", "@smithy/util-utf8": "^4.0.0", "tslib": "^2.6.2" } }, "sha512-0eZ4G5fRzIoewtHtwaYyl8g2C+osYOT4KClXgfdNEDAgkbe2TYPqcnw4GAWabqkZCax2ihRGPe9LZnsPdIUIHA=="],

    "@smithy/util-uri-escape": ["@smithy/util-uri-escape@4.0.0", "", { "dependencies": { "tslib": "^2.6.2" } }, "sha512-77yfbCbQMtgtTylO9itEAdpPXSog3ZxMe09AEhm0dU0NLTalV70ghDZFR+Nfi1C60jnJoh/Re4090/DuZh2Omg=="],

    "@smithy/util-utf8": ["@smithy/util-utf8@4.0.0", "", { "dependencies": { "@smithy/util-buffer-from": "^4.0.0", "tslib": "^2.6.2" } }, "sha512-b+zebfKCfRdgNJDknHCob3O7FpeYQN6ZG6YLExMcasDHsCXlsXCEuiPZeLnJLpwa5dvPetGlnGCiMHuLwGvFow=="],

    "@smithy/util-waiter": ["@smithy/util-waiter@4.0.2", "", { "dependencies": { "@smithy/abort-controller": "^4.0.1", "@smithy/types": "^4.1.0", "tslib": "^2.6.2" } }, "sha512-piUTHyp2Axx3p/kc2CIJkYSv0BAaheBQmbACZgQSSfWUumWNW+R1lL+H9PDBxKJkvOeEX+hKYEFiwO8xagL8AQ=="],

    "@types/bun": ["@types/bun@1.2.2", "", { "dependencies": { "bun-types": "1.2.2" } }, "sha512-tr74gdku+AEDN5ergNiBnplr7hpDp3V1h7fqI2GcR/rsUaM39jpSeKH0TFibRvU0KwniRx5POgaYnaXbk0hU+w=="],

    "@types/mime-types": ["@types/mime-types@2.1.4", "", {}, "sha512-lfU4b34HOri+kAY5UheuFMWPDOI+OPceBSHZKp69gEyTL/mmJ4cnU6Y/rlme3UL3GyOn6Y42hyIEw0/q8sWx5w=="],

    "@types/node": ["@types/node@20.12.14", "", { "dependencies": { "undici-types": "~5.26.4" } }, "sha512-scnD59RpYD91xngrQQLGkE+6UrHUPzeKZWhhjBSa3HSkwjbQc38+q3RoIVEwxQGRw3M+j5hpNAM+lgV3cVormg=="],

    "@types/ws": ["@types/ws@8.5.13", "", { "dependencies": { "@types/node": "*" } }, "sha512-osM/gWBTPKgHV8XkTunnegTRIsvF6owmf5w+JtAfOw472dptdm0dlGv4xCt6GwQRcC2XVOvvRE/0bAoQcL2QkA=="],

    "anafanafo": ["anafanafo@2.0.0", "", { "dependencies": { "char-width-table-consumer": "^1.0.0" } }, "sha512-Nlfq7NC4AOkTJerWRIZcOAiMNtIDVIGWGvQ98O7Jl6Kr2Dk0dX5u4MqN778kSRTy5KRqchpLdF2RtLFEz9FVkQ=="],

    "badge-maker": ["badge-maker@4.1.0", "", { "dependencies": { "anafanafo": "2.0.0", "css-color-converter": "^2.0.0" }, "bin": { "badge": "lib/badge-cli.js" } }, "sha512-qYImXoz0WZRMaauqSMo6QNurKp26K3RcOhefuGfno50xmAzHEJsgHbP4gnHs6Ps53KgQgFi4MJKB6Rq8H7siww=="],

    "binary-search": ["binary-search@1.3.6", "", {}, "sha512-nbE1WxOTTrUWIfsfZ4aHGYu5DOuNkbxGokjV6Z2kxfJK3uaAb8zNK1muzOeipoLHZjInT4Br88BHpzevc681xA=="],

    "bowser": ["bowser@2.11.0", "", {}, "sha512-AlcaJBi/pqqJBIQ8U9Mcpc9i8Aqxn88Skv5d+xBX006BY5u8N3mGLHa5Lgppa7L/HfwgwLgZ6NYs+Ag6uUmJRA=="],

    "bun-types": ["bun-types@1.2.2", "", { "dependencies": { "@types/node": "*", "@types/ws": "~8.5.10" } }, "sha512-RCbMH5elr9gjgDGDhkTTugA21XtJAy/9jkKe/G3WR2q17VPGhcquf9Sir6uay9iW+7P/BV0CAHA1XlHXMAVKHg=="],

    "char-width-table-consumer": ["char-width-table-consumer@1.0.0", "", { "dependencies": { "binary-search": "^1.3.5" } }, "sha512-Fz4UD0LBpxPgL9i29CJ5O4KANwaMnX/OhhbxzvNa332h+9+nRKyeuLw4wA51lt/ex67+/AdsoBQJF3kgX2feYQ=="],

    "color-convert": ["color-convert@0.5.3", "", {}, "sha512-RwBeO/B/vZR3dfKL1ye/vx8MHZ40ugzpyfeVG5GsiuGnrlMWe2o8wxBbLCpw9CsxV+wHuzYlCiWnybrIA0ling=="],

    "color-name": ["color-name@1.1.4", "", {}, "sha512-dOy+3AuW3a2wNbZHIuMZpTcgjGuLU/uBL/ubcZF9OXbDo8ff4O8yVp5Bf0efS8uEoYo5q4Fx7dY9OgQGXgAsQA=="],

    "cross-env": ["cross-env@7.0.3", "", { "dependencies": { "cross-spawn": "^7.0.1" }, "bin": { "cross-env": "src/bin/cross-env.js", "cross-env-shell": "src/bin/cross-env-shell.js" } }, "sha512-+/HKd6EgcQCJGh2PSjZuUitQBQynKor4wrFbRg4DtAgS1aWO+gU52xpH7M9ScGgXSYmAVS9bIJ8EzuaGw0oNAw=="],

    "cross-spawn": ["cross-spawn@7.0.6", "", { "dependencies": { "path-key": "^3.1.0", "shebang-command": "^2.0.0", "which": "^2.0.1" } }, "sha512-uV2QOWP2nWzsy2aMp8aRibhi9dlzF5Hgh5SHaB9OiTGEyDTiJJyx0uy51QXdyWbtAHNua4XJzUKca3OzKUd3vA=="],

    "css-color-converter": ["css-color-converter@2.0.0", "", { "dependencies": { "color-convert": "^0.5.2", "color-name": "^1.1.4", "css-unit-converter": "^1.1.2" } }, "sha512-oLIG2soZz3wcC3aAl/7Us5RS8Hvvc6I8G8LniF/qfMmrm7fIKQ8RIDDRZeKyGL2SrWfNqYspuLShbnjBMVWm8g=="],

    "css-unit-converter": ["css-unit-converter@1.1.2", "", {}, "sha512-IiJwMC8rdZE0+xiEZHeru6YoONC4rfPMqGm2W85jMIbkFvv5nFTwJVFHam2eFrN6txmoUYFAFXiv8ICVeTO0MA=="],

    "dotenv": ["dotenv@8.6.0", "", {}, "sha512-IrPdXQsk2BbzvCBGBOTmmSH5SodmqZNt4ERAZDmW4CT+tL8VtvinqywuANaFu4bOMWki16nqf0e4oC0QIaDr/g=="],

    "fast-xml-parser": ["fast-xml-parser@4.4.1", "", { "dependencies": { "strnum": "^1.0.5" }, "bin": { "fxparser": "src/cli/cli.js" } }, "sha512-xkjOecfnKGkSsOwtZ5Pz7Us/T6mrbPQrq0nh+aCO5V9nk5NLWmasAHumTKjiPJPWANe+kAZ84Jc8ooJkzZ88Sw=="],

    "isexe": ["isexe@2.0.0", "", {}, "sha512-RHxMLp9lnKHGHRng9QFhRCMbYAcVpn69smSGcq3f36xjgVVWThj4qqLbTLlq7Ssj8B+fIQ1EuCEGI2lKsyQeIw=="],

    "mime-db": ["mime-db@1.52.0", "", {}, "sha512-sPU4uV7dYlvtWJxwwxHD0PuihVNiE7TyAbQ5SWxDCB9mUYvOgroQOwYQQOKPJ8CIbE+1ETVlOoK1UC2nU3gYvg=="],

    "mime-types": ["mime-types@2.1.35", "", { "dependencies": { "mime-db": "1.52.0" } }, "sha512-ZDY+bPm5zTTF+YpCrAU9nK0UgICYPT0QtT1NZWFv4s++TNkcgVaT0g6+4R2uI4MjQjzysHB1zxuWL50hzaeXiw=="],

    "path-key": ["path-key@3.1.1", "", {}, "sha512-ojmeN0qd+y0jszEtoY48r0Peq5dwMEkIlCOu6Q5f41lfkswXuKtYrhgoTpLnyIcHm24Uhqx+5Tqm2InSwLhE6Q=="],

    "pretty-bytes": ["pretty-bytes@5.6.0", "", {}, "sha512-FFw039TmrBqFK8ma/7OL3sDz/VytdtJr044/QUJtH0wK9lb9jLq9tJyIxUwtQJHwar2BqtiA4iCWSwo9JLkzFg=="],

    "shebang-command": ["shebang-command@2.0.0", "", { "dependencies": { "shebang-regex": "^3.0.0" } }, "sha512-kHxr2zZpYtdmrN1qDjrrX/Z1rR1kG8Dx+gkpK1G4eXmvXswmcE1hTWBWYUzlraYw1/yZp6YuDY77YtvbN0dmDA=="],

    "shebang-regex": ["shebang-regex@3.0.0", "", {}, "sha512-7++dFhtcx3353uBaq8DDR4NuxBetBzC7ZQOhmTQInHEd6bSrXdiEyzCvG07Z44UYdLShWUyXt5M/yhz8ekcb1A=="],

    "strnum": ["strnum@1.0.5", "", {}, "sha512-J8bbNyKKXl5qYcR36TIO8W3mVGVHrmmxsd5PAItGkmyzwJvybiw2IVq5nqd0i4LSNSkB/sx9VHllbfFdr9k1JA=="],

    "tslib": ["tslib@2.8.1", "", {}, "sha512-oJFu94HQb+KVduSUQL7wnpmqnfmLsOA/nAh6b6EH0wCEoK0/mPeXU6c3wKDV83MkOuHPRHtSXKKU99IBazS/2w=="],

    "undici-types": ["undici-types@5.26.5", "", {}, "sha512-JlCMO+ehdEIKqlFxk6IfVoAUVmgz7cU7zD/h9XZ0qzeosSHmUJVOzSQvvYSYWXkFXC+IfLKSIffhv0sVZup6pA=="],

    "uuid": ["uuid@9.0.1", "", { "bin": { "uuid": "dist/bin/uuid" } }, "sha512-b+1eJOlsR9K8HJpow9Ok3fiWOWSIcIzXodvv0rQjVoOVNpWMpxf1wZNpt4y9h10odCNrqnYp1OBzRktckBe3sA=="],

    "which": ["which@2.0.2", "", { "dependencies": { "isexe": "^2.0.0" }, "bin": { "node-which": "./bin/node-which" } }, "sha512-BLI3Tl1TW3Pvl70l3yq3Y64i+awpwXqsGBYWkkqMtnbXgrMD+yj7rhW0kuEDxzJaYXGjEW5ogapKNMEKNMjibA=="],

    "@aws-crypto/sha1-browser/@smithy/util-utf8": ["@smithy/util-utf8@2.3.0", "", { "dependencies": { "@smithy/util-buffer-from": "^2.2.0", "tslib": "^2.6.2" } }, "sha512-R8Rdn8Hy72KKcebgLiv8jQcQkXoLMOGGv5uI1/k0l+snqkOzQ1R0ChUBCxWMlBsFMekWjq0wRudIweFs7sKT5A=="],

    "@aws-crypto/sha256-browser/@smithy/util-utf8": ["@smithy/util-utf8@2.3.0", "", { "dependencies": { "@smithy/util-buffer-from": "^2.2.0", "tslib": "^2.6.2" } }, "sha512-R8Rdn8Hy72KKcebgLiv8jQcQkXoLMOGGv5uI1/k0l+snqkOzQ1R0ChUBCxWMlBsFMekWjq0wRudIweFs7sKT5A=="],

    "@aws-crypto/util/@smithy/util-utf8": ["@smithy/util-utf8@2.3.0", "", { "dependencies": { "@smithy/util-buffer-from": "^2.2.0", "tslib": "^2.6.2" } }, "sha512-R8Rdn8Hy72KKcebgLiv8jQcQkXoLMOGGv5uI1/k0l+snqkOzQ1R0ChUBCxWMlBsFMekWjq0wRudIweFs7sKT5A=="],

    "@aws-crypto/sha1-browser/@smithy/util-utf8/@smithy/util-buffer-from": ["@smithy/util-buffer-from@2.2.0", "", { "dependencies": { "@smithy/is-array-buffer": "^2.2.0", "tslib": "^2.6.2" } }, "sha512-IJdWBbTcMQ6DA0gdNhh/BwrLkDR+ADW5Kr1aZmd4k3DIF6ezMV4R2NIAmT08wQJ3yUK82thHWmC/TnK/wpMMIA=="],

    "@aws-crypto/sha256-browser/@smithy/util-utf8/@smithy/util-buffer-from": ["@smithy/util-buffer-from@2.2.0", "", { "dependencies": { "@smithy/is-array-buffer": "^2.2.0", "tslib": "^2.6.2" } }, "sha512-IJdWBbTcMQ6DA0gdNhh/BwrLkDR+ADW5Kr1aZmd4k3DIF6ezMV4R2NIAmT08wQJ3yUK82thHWmC/TnK/wpMMIA=="],

    "@aws-crypto/util/@smithy/util-utf8/@smithy/util-buffer-from": ["@smithy/util-buffer-from@2.2.0", "", { "dependencies": { "@smithy/is-array-buffer": "^2.2.0", "tslib": "^2.6.2" } }, "sha512-IJdWBbTcMQ6DA0gdNhh/BwrLkDR+ADW5Kr1aZmd4k3DIF6ezMV4R2NIAmT08wQJ3yUK82thHWmC/TnK/wpMMIA=="],

    "@aws-crypto/sha1-browser/@smithy/util-utf8/@smithy/util-buffer-from/@smithy/is-array-buffer": ["@smithy/is-array-buffer@2.2.0", "", { "dependencies": { "tslib": "^2.6.2" } }, "sha512-GGP3O9QFD24uGeAXYUjwSTXARoqpZykHadOmA8G5vfJPK0/DC67qa//0qvqrJzL1xc8WQWX7/yc7fwudjPHPhA=="],

    "@aws-crypto/sha256-browser/@smithy/util-utf8/@smithy/util-buffer-from/@smithy/is-array-buffer": ["@smithy/is-array-buffer@2.2.0", "", { "dependencies": { "tslib": "^2.6.2" } }, "sha512-GGP3O9QFD24uGeAXYUjwSTXARoqpZykHadOmA8G5vfJPK0/DC67qa//0qvqrJzL1xc8WQWX7/yc7fwudjPHPhA=="],

    "@aws-crypto/util/@smithy/util-utf8/@smithy/util-buffer-from/@smithy/is-array-buffer": ["@smithy/is-array-buffer@2.2.0", "", { "dependencies": { "tslib": "^2.6.2" } }, "sha512-GGP3O9QFD24uGeAXYUjwSTXARoqpZykHadOmA8G5vfJPK0/DC67qa//0qvqrJzL1xc8WQWX7/yc7fwudjPHPhA=="],
  }
}
